
Microsoft Visual Studio Solution File, Format Version 12.00
# Visual Studio Version 16
VisualStudioVersion = 16.0.30011.22
MinimumVisualStudioVersion = 10.0.40219.1
Project("{FAE04EC0-301F-11D3-BF4B-00C04F79EFBC}") = "YerelBildirimler.Android", "YerelBildirimler\YerelBildirimler.Android\YerelBildirimler.Android.csproj", "{3B725FB5-9F7C-4CE3-91A5-F823809075DF}"
EndProject
Project("{FAE04EC0-301F-11D3-BF4B-00C04F79EFBC}") = "YerelBildirimler.iOS", "YerelBildirimler\YerelBildirimler.iOS\YerelBildirimler.iOS.csproj", "{AB6FE3FE-FCB5-4C2C-B400-B203DC71A4AC}"
EndProject
Project("{FAE04EC0-301F-11D3-BF4B-00C04F79EFBC}") = "YerelBildirimler", "YerelBildirimler\YerelBildirimler\YerelBildirimler.csproj", "{1183B1EB-7A60-46B6-BDC7-ABD83A44954B}"
EndProject
Global
	GlobalSection(SolutionConfigurationPlatforms) = preSolution
		Debug|Any CPU = Debug|Any CPU
		Debug|iPhone = Debug|iPhone
		Debug|iPhoneSimulator = Debug|iPhoneSimulator
		Release|Any CPU = Release|Any CPU
		Release|iPhone = Release|iPhone
		Release|iPhoneSimulator = Release|iPhoneSimulator
	EndGlobalSection
	GlobalSection(ProjectConfigurationPlatforms) = postSolution
		{3B725FB5-9F7C-4CE3-91A5-F823809075DF}.Debug|Any CPU.ActiveCfg = Debug|Any CPU
		{3B725FB5-9F7C-4CE3-91A5-F823809075DF}.Debug|Any CPU.Build.0 = Debug|Any CPU
		{3B725FB5-9F7C-4CE3-91A5-F823809075DF}.Debug|Any CPU.Deploy.0 = Debug|Any CPU
		{3B725FB5-9F7C-4CE3-91A5-F823809075DF}.Debug|iPhone.ActiveCfg = Debug|Any CPU
		{3B725FB5-9F7C-4CE3-91A5-F823809075DF}.Debug|iPhone.Build.0 = Debug|Any CPU
		{3B725FB5-9F7C-4CE3-91A5-F823809075DF}.Debug|iPhone.Deploy.0 = Debug|Any CPU
		{3B725FB5-9F7C-4CE3-91A5-F823809075DF}.Debug|iPhoneSimulator.ActiveCfg = Debug|Any CPU
		{3B725FB5-9F7C-4CE3-91A5-F823809075DF}.Debug|iPhoneSimulator.Build.0 = Debug|Any CPU
		{3B725FB5-9F7C-4CE3-91A5-F823809075DF}.Debug|iPhoneSimulator.Deploy.0 = Debug|Any CPU
		{3B725FB5-9F7C-4CE3-91A5-F823809075DF}.Release|Any CPU.ActiveCfg = Release|Any CPU
		{3B725FB5-9F7C-4CE3-91A5-F823809075DF}.Release|Any CPU.Build.0 = Release|Any CPU
		{3B725FB5-9F7C-4CE3-91A5-F823809075DF}.Release|Any CPU.Deploy.0 = Release|Any CPU
		{3B725FB5-9F7C-4CE3-91A5-F823809075DF}.Release|iPhone.ActiveCfg = Release|Any CPU
		{3B725FB5-9F7C-4CE3-91A5-F823809075DF}.Release|iPhone.Build.0 = Release|Any CPU
		{3B725FB5-9F7C-4CE3-91A5-F823809075DF}.Release|iPhone.Deploy.0 = Release|Any CPU
		{3B725FB5-9F7C-4CE3-91A5-F823809075DF}.Release|iPhoneSimulator.ActiveCfg = Release|Any CPU
		{3B725FB5-9F7C-4CE3-91A5-F823809075DF}.Release|iPhoneSimulator.Build.0 = Release|Any CPU
		{3B725FB5-9F7C-4CE3-91A5-F823809075DF}.Release|iPhoneSimulator.Deploy.0 = Release|Any CPU
		{AB6FE3FE-FCB5-4C2C-B400-B203DC71A4AC}.Debug|Any CPU.ActiveCfg = Debug|iPhone
		{AB6FE3FE-FCB5-4C2C-B400-B203DC71A4AC}.Debug|Any CPU.Build.0 = Debug|iPhone
		{AB6FE3FE-FCB5-4C2C-B400-B203DC71A4AC}.Debug|Any CPU.Deploy.0 = Debug|iPhone
		{AB6FE3FE-FCB5-4C2C-B400-B203DC71A4AC}.Debug|iPhone.ActiveCfg = Debug|iPhone
		{AB6FE3FE-FCB5-4C2C-B400-B203DC71A4AC}.Debug|iPhone.Build.0 = Debug|iPhone
		{AB6FE3FE-FCB5-4C2C-B400-B203DC71A4AC}.Debug|iPhone.Deploy.0 = Debug|iPhone
		{AB6FE3FE-FCB5-4C2C-B400-B203DC71A4AC}.Debug|iPhoneSimulator.ActiveCfg = Debug|iPhoneSimulator
		{AB6FE3FE-FCB5-4C2C-B400-B203DC71A4AC}.Debug|iPhoneSimulator.Build.0 = Debug|iPhoneSimulator
		{AB6FE3FE-FCB5-4C2C-B400-B203DC71A4AC}.Debug|iPhoneSimulator.Deploy.0 = Debug|iPhoneSimulator
		{AB6FE3FE-FCB5-4C2C-B400-B203DC71A4AC}.Release|Any CPU.ActiveCfg = Release|iPhone
		{AB6FE3FE-FCB5-4C2C-B400-B203DC71A4AC}.Release|Any CPU.Build.0 = Release|iPhone
		{AB6FE3FE-FCB5-4C2C-B400-B203DC71A4AC}.Release|Any CPU.Deploy.0 = Release|iPhone
		{AB6FE3FE-FCB5-4C2C-B400-B203DC71A4AC}.Release|iPhone.ActiveCfg = Release|iPhone
		{AB6FE3FE-FCB5-4C2C-B400-B203DC71A4AC}.Release|iPhone.Build.0 = Release|iPhone
		{AB6FE3FE-FCB5-4C2C-B400-B203DC71A4AC}.Release|iPhone.Deploy.0 = Release|iPhone
		{AB6FE3FE-FCB5-4C2C-B400-B203DC71A4AC}.Release|iPhoneSimulator.ActiveCfg = Release|iPhoneSimulator
		{AB6FE3FE-FCB5-4C2C-B400-B203DC71A4AC}.Release|iPhoneSimulator.Build.0 = Release|iPhoneSimulator
		{AB6FE3FE-FCB5-4C2C-B400-B203DC71A4AC}.Release|iPhoneSimulator.Deploy.0 = Release|iPhoneSimulator
		{1183B1EB-7A60-46B6-BDC7-ABD83A44954B}.Debug|Any CPU.ActiveCfg = Debug|Any CPU
		{1183B1EB-7A60-46B6-BDC7-ABD83A44954B}.Debug|Any CPU.Build.0 = Debug|Any CPU
		{1183B1EB-7A60-46B6-BDC7-ABD83A44954B}.Debug|Any CPU.Deploy.0 = Debug|Any CPU
		{1183B1EB-7A60-46B6-BDC7-ABD83A44954B}.Debug|iPhone.ActiveCfg = Debug|Any CPU
		{1183B1EB-7A60-46B6-BDC7-ABD83A44954B}.Debug|iPhone.Build.0 = Debug|Any CPU
		{1183B1EB-7A60-46B6-BDC7-ABD83A44954B}.Debug|iPhone.Deploy.0 = Debug|Any CPU
		{1183B1EB-7A60-46B6-BDC7-ABD83A44954B}.Debug|iPhoneSimulator.ActiveCfg = Debug|Any CPU
		{1183B1EB-7A60-46B6-BDC7-ABD83A44954B}.Debug|iPhoneSimulator.Build.0 = Debug|Any CPU
		{1183B1EB-7A60-46B6-BDC7-ABD83A44954B}.Debug|iPhoneSimulator.Deploy.0 = Debug|Any CPU
		{1183B1EB-7A60-46B6-BDC7-ABD83A44954B}.Release|Any CPU.ActiveCfg = Release|Any CPU
		{1183B1EB-7A60-46B6-BDC7-ABD83A44954B}.Release|Any CPU.Build.0 = Release|Any CPU
		{1183B1EB-7A60-46B6-BDC7-ABD83A44954B}.Release|Any CPU.Deploy.0 = Release|Any CPU
		{1183B1EB-7A60-46B6-BDC7-ABD83A44954B}.Release|iPhone.ActiveCfg = Release|Any CPU
		{1183B1EB-7A60-46B6-BDC7-ABD83A44954B}.Release|iPhone.Build.0 = Release|Any CPU
		{1183B1EB-7A60-46B6-BDC7-ABD83A44954B}.Release|iPhone.Deploy.0 = Release|Any CPU
		{1183B1EB-7A60-46B6-BDC7-ABD83A44954B}.Release|iPhoneSimulator.ActiveCfg = Release|Any CPU
		{1183B1EB-7A60-46B6-BDC7-ABD83A44954B}.Release|iPhoneSimulator.Build.0 = Release|Any CPU
		{1183B1EB-7A60-46B6-BDC7-ABD83A44954B}.Release|iPhoneSimulator.Deploy.0 = Release|Any CPU
	EndGlobalSection
	GlobalSection(SolutionProperties) = preSolution
		HideSolutionNode = FALSE
	EndGlobalSection
	GlobalSection(ExtensibilityGlobals) = postSolution
		SolutionGuid = {28222650-F2BB-4919-9CD0-2CE74E2A9334}
	EndGlobalSection
EndGlobal
